{
  "nodes": {
    "apple-silicon": {
      "inputs": {
        "flake-compat": [
          "empty-flake"
        ],
        "nixpkgs": "nixpkgs"
      },
      "locked": {
        "lastModified": 1761514810,
        "narHash": "sha256-rOEir3x37RRWO+lFia8C9HAThARg+pubRF2hrWQeeEE=",
        "owner": "nix-community",
        "repo": "nixos-apple-silicon",
        "rev": "e01011ebc0aa7a0ae6444a8429e91196addd45f4",
        "type": "github"
      },
      "original": {
        "owner": "nix-community",
        "repo": "nixos-apple-silicon",
        "type": "github"
      }
    },
    "deploy-rs": {
      "inputs": {
        "flake-compat": [
          "empty-flake"
        ],
        "nixpkgs": [
          "nixpkgs"
        ],
        "utils": [
          "flake-utils"
        ]
      },
      "locked": {
        "lastModified": 1756719547,
        "narHash": "sha256-N9gBKUmjwRKPxAafXEk1EGadfk2qDZPBQp4vXWPHINQ=",
        "owner": "serokell",
        "repo": "deploy-rs",
        "rev": "125ae9e3ecf62fb2c0fd4f2d894eb971f1ecaed2",
        "type": "github"
      },
      "original": {
        "owner": "serokell",
        "repo": "deploy-rs",
        "type": "github"
      }
    },
    "discord-counting-tools": {
      "inputs": {
        "nixpkgs": [
          "nixpkgs"
        ]
      },
      "locked": {
        "lastModified": 1752582497,
        "narHash": "sha256-0AcCy7mSIp9xaTaPFO4iZ8zkXkSYFQdROyWFB4lT2ZM=",
        "owner": "ToborWinner",
        "repo": "discord-counting-tools",
        "rev": "668c53a42b9978e30ab0bf2d6562e83ee14481b7",
        "type": "github"
      },
      "original": {
        "owner": "ToborWinner",
        "repo": "discord-counting-tools",
        "type": "github"
      }
    },
    "disko": {
      "inputs": {
        "nixpkgs": [
          "nixpkgs"
        ]
      },
      "locked": {
        "lastModified": 1760701190,
        "narHash": "sha256-y7UhnWlER8r776JsySqsbTUh2Txf7K30smfHlqdaIQw=",
        "owner": "nix-community",
        "repo": "disko",
        "rev": "3a9450b26e69dcb6f8de6e2b07b3fc1c288d85f5",
        "type": "github"
      },
      "original": {
        "owner": "nix-community",
        "repo": "disko",
        "type": "github"
      }
    },
    "empty-flake": {
      "locked": {
        "lastModified": 1747344433,
        "narHash": "sha256-VO8KzRYOgpVx36ZrJgyhKBIqs/LCSt75RVaCYxQv9TY=",
        "owner": "ToborWinner",
        "repo": "empty-flake",
        "rev": "46262b94aabee5acf4a72873c765281653c30e35",
        "type": "github"
      },
      "original": {
        "owner": "ToborWinner",
        "repo": "empty-flake",
        "type": "github"
      }
    },
    "firefox-addons": {
      "inputs": {
        "nixpkgs": [
          "nixpkgs"
        ]
      },
      "locked": {
        "dir": "pkgs/firefox-addons",
        "lastModified": 1761537827,
        "narHash": "sha256-ycO0xEJ3ZYGI6ZypYY5hswmJ0oXqBLeuJiFR8hPzMVQ=",
        "owner": "rycee",
        "repo": "nur-expressions",
        "rev": "317a76be83cb9ff7327f43a455f73bc38f44373e",
        "type": "gitlab"
      },
      "original": {
        "dir": "pkgs/firefox-addons",
        "owner": "rycee",
        "repo": "nur-expressions",
        "type": "gitlab"
      }
    },
    "flake-parts": {
      "inputs": {
        "nixpkgs-lib": [
          "nixpkgs-lib"
        ]
      },
      "locked": {
        "lastModified": 1760948891,
        "narHash": "sha256-TmWcdiUUaWk8J4lpjzu4gCGxWY6/Ok7mOK4fIFfBuU4=",
        "owner": "hercules-ci",
        "repo": "flake-parts",
        "rev": "864599284fc7c0ba6357ed89ed5e2cd5040f0c04",
        "type": "github"
      },
      "original": {
        "owner": "hercules-ci",
        "repo": "flake-parts",
        "type": "github"
      }
    },
    "flake-utils": {
      "inputs": {
        "systems": [
          "nix-systems"
        ]
      },
      "locked": {
        "lastModified": 1731533236,
        "narHash": "sha256-l0KFg5HjrsfsO/JpG+r7fRrqm12kzFHyUHqHCVpMMbI=",
        "owner": "numtide",
        "repo": "flake-utils",
        "rev": "11707dc2f618dd54ca8739b309ec4fc024de578b",
        "type": "github"
      },
      "original": {
        "owner": "numtide",
        "repo": "flake-utils",
        "type": "github"
      }
    },
    "home-manager": {
      "inputs": {
        "nixpkgs": [
          "nixpkgs"
        ]
      },
      "locked": {
        "lastModified": 1761530345,
        "narHash": "sha256-+9+YCK9Lh6GThkXu/8JTxMFUnImIdZpb8ElUh6/F5Y8=",
        "owner": "nix-community",
        "repo": "home-manager",
        "rev": "bbaeb9f1c29e79bb1653b32c3d73244cdf4bd888",
        "type": "github"
      },
      "original": {
        "owner": "nix-community",
        "ref": "master",
        "repo": "home-manager",
        "type": "github"
      }
    },
    "impermanence": {
      "locked": {
        "lastModified": 1737831083,
        "narHash": "sha256-LJggUHbpyeDvNagTUrdhe/pRVp4pnS6wVKALS782gRI=",
        "owner": "nix-community",
        "repo": "impermanence",
        "rev": "4b3e914cdf97a5b536a889e939fb2fd2b043a170",
        "type": "github"
      },
      "original": {
        "owner": "nix-community",
        "repo": "impermanence",
        "type": "github"
      }
    },
    "jollybot": {
      "flake": false,
      "locked": {
        "lastModified": 1745690426,
        "narHash": "sha256-dJh+P9G7hxsyCBZnghHE8Rzg0jHl/vZObc+QF8PKyyQ=",
        "ref": "main",
        "rev": "fd1f23a2d63b5694e320c255802174b372b13519",
        "shallow": true,
        "type": "git",
        "url": "ssh://git@github.com/ToborWinner/Jolly"
      },
      "original": {
        "ref": "main",
        "shallow": true,
        "type": "git",
        "url": "ssh://git@github.com/ToborWinner/Jolly"
      }
    },
    "jollydashboard": {
      "flake": false,
      "locked": {
        "lastModified": 1745514964,
        "narHash": "sha256-fmPPGy0XMxvOcnpSwT2hmIO6sibTNWckLfb50tLep3w=",
        "ref": "main",
        "rev": "829d2487f3b81aa913925797bd3f39679731b1cc",
        "shallow": true,
        "type": "git",
        "url": "ssh://git@github.com/ToborWinner/JollyDashboard"
      },
      "original": {
        "ref": "main",
        "shallow": true,
        "type": "git",
        "url": "ssh://git@github.com/ToborWinner/JollyDashboard"
      }
    },
    "lobster-rs": {
      "inputs": {
        "nixpkgs": [
          "nixpkgs"
        ]
      },
      "locked": {
        "lastModified": 1757809131,
        "narHash": "sha256-8VF2pzGLS0MH4WjLE06Ea8fUaYzHtCfME6CAulWx87k=",
        "owner": "eatmynerds",
        "repo": "lobster-rs",
        "rev": "2d4299b3d0fe8b2194defe8291cb05e8a56f86a3",
        "type": "github"
      },
      "original": {
        "owner": "eatmynerds",
        "repo": "lobster-rs",
        "type": "github"
      }
    },
    "mnw": {
      "locked": {
        "lastModified": 1758834834,
        "narHash": "sha256-Y7IvY4F8vajZyp3WGf+KaiIVwondEkMFkt92Cr9NZmg=",
        "owner": "Gerg-L",
        "repo": "mnw",
        "rev": "cfbc7d1cc832e318d0863a5fc91d940a96034001",
        "type": "github"
      },
      "original": {
        "owner": "Gerg-L",
        "repo": "mnw",
        "type": "github"
      }
    },
    "nix-index-database": {
      "inputs": {
        "nixpkgs": [
          "nixpkgs"
        ]
      },
      "locked": {
        "lastModified": 1761451000,
        "narHash": "sha256-qBJL6xEIjqYq9zOcG2vf2nPTeVBppNJzvO0LuQWMwMo=",
        "owner": "nix-community",
        "repo": "nix-index-database",
        "rev": "ed6b293161b378a7368cda38659eb8d3d9a0dac4",
        "type": "github"
      },
      "original": {
        "owner": "nix-community",
        "repo": "nix-index-database",
        "type": "github"
      }
    },
    "nix-systems": {
      "locked": {
        "lastModified": 1681028828,
        "narHash": "sha256-Vy1rq5AaRuLzOxct8nz4T6wlgyUR7zLU309k9mBC768=",
        "owner": "nix-systems",
        "repo": "default",
        "rev": "da67096a3b9bf56a91d16901293e51ba5b49a27e",
        "type": "github"
      },
      "original": {
        "owner": "nix-systems",
        "repo": "default",
        "type": "github"
      }
    },
    "nix-vm-test": {
      "inputs": {
        "nixpkgs": [
          "nixos-anywhere",
          "nixpkgs"
        ]
      },
      "locked": {
        "lastModified": 1748765518,
        "narHash": "sha256-vftOR+7zwnMWl5UpG32GL1VBeNGTDZZT0hv+2uNuBGw=",
        "owner": "Mic92",
        "repo": "nix-vm-test",
        "rev": "d6642fbaf42fc98883d84bab66cd0ec720d9dd0c",
        "type": "github"
      },
      "original": {
        "owner": "Mic92",
        "repo": "nix-vm-test",
        "type": "github"
      }
    },
    "nixcord": {
      "inputs": {
        "flake-compat": [
          "empty-flake"
        ],
        "flake-parts": [
          "flake-parts"
        ],
        "nixpkgs": [
          "nixpkgs"
        ]
      },
      "locked": {
        "lastModified": 1761409262,
        "narHash": "sha256-+rpIaK+0MBKuT4tC3h0Hh0FoX2Yy8mXuherWKcgONNg=",
        "owner": "kaylorben",
        "repo": "nixcord",
        "rev": "f710d3dbf6688c6fa209b805c94127dedbcb0f44",
        "type": "github"
      },
      "original": {
        "owner": "kaylorben",
        "repo": "nixcord",
        "type": "github"
      }
    },
    "nixos-anywhere": {
      "inputs": {
        "disko": [
          "empty-flake"
        ],
        "flake-parts": [
          "flake-parts"
        ],
        "nix-vm-test": "nix-vm-test",
        "nixos-images": [
          "empty-flake"
        ],
        "nixos-stable": [
          "empty-flake"
        ],
        "nixpkgs": [
          "nixpkgs"
        ],
        "treefmt-nix": [
          "empty-flake"
        ]
      },
      "locked": {
        "lastModified": 1760107790,
        "narHash": "sha256-7zuh0xtYZnfyibIRCiK4KthXNZIV/9pa7wSjNJUV3Qk=",
        "owner": "nix-community",
        "repo": "nixos-anywhere",
        "rev": "25d23ef77d2c54ad1c08caafee022834265804dc",
        "type": "github"
      },
      "original": {
        "owner": "nix-community",
        "repo": "nixos-anywhere",
        "type": "github"
      }
    },
    "nixos-hardware": {
      "locked": {
        "lastModified": 1760958188,
        "narHash": "sha256-2m1S4jl+GEDtlt2QqeHil8Ny456dcGSKJAM7q3j/BFU=",
        "owner": "NixOS",
        "repo": "nixos-hardware",
        "rev": "d6645c340ef7d821602fd2cd199e8d1eed10afbc",
        "type": "github"
      },
      "original": {
        "owner": "NixOS",
        "ref": "master",
        "repo": "nixos-hardware",
        "type": "github"
      }
    },
    "nixos-muvm-fex": {
      "inputs": {
        "__flake-compat": [
          "empty-flake"
        ],
        "nixos-apple-silicon": [
          "apple-silicon"
        ],
        "nixpkgs": [
          "nixpkgs"
        ],
        "nixpkgs-muvm": [
          "empty-flake"
        ]
      },
      "locked": {
        "lastModified": 1747923214,
        "narHash": "sha256-rva/48UdH1TdrlI8gX6LEd0W/3NxE4OVPWB3FMSYzfo=",
        "owner": "nrabulinski",
        "repo": "nixos-muvm-fex",
        "rev": "9bf86173ca62ab64e63c1c83b27b664e3df3e03a",
        "type": "github"
      },
      "original": {
        "owner": "nrabulinski",
        "ref": "native-build",
        "repo": "nixos-muvm-fex",
        "type": "github"
      }
    },
    "nixpkgs": {
      "locked": {
        "lastModified": 1761114652,
        "narHash": "sha256-f/QCJM/YhrV/lavyCVz8iU3rlZun6d+dAiC3H+CDle4=",
        "owner": "NixOS",
        "repo": "nixpkgs",
        "rev": "01f116e4df6a15f4ccdffb1bcd41096869fb385c",
        "type": "github"
      },
      "original": {
        "owner": "NixOS",
        "ref": "nixos-unstable",
        "repo": "nixpkgs",
        "type": "github"
      }
    },
    "nixpkgs-lib": {
      "locked": {
        "lastModified": 1754788789,
        "narHash": "sha256-x2rJ+Ovzq0sCMpgfgGaaqgBSwY+LST+WbZ6TytnT9Rk=",
        "owner": "nix-community",
        "repo": "nixpkgs.lib",
        "rev": "a73b9c743612e4244d865a2fdee11865283c04e6",
        "type": "github"
      },
      "original": {
        "owner": "nix-community",
        "repo": "nixpkgs.lib",
        "type": "github"
      }
    },
    "nixpkgs_2": {
      "locked": {
        "lastModified": 1761373498,
        "narHash": "sha256-Q/uhWNvd7V7k1H1ZPMy/vkx3F8C13ZcdrKjO7Jv7v0c=",
        "owner": "NixOS",
        "repo": "nixpkgs",
        "rev": "6a08e6bb4e46ff7fcbb53d409b253f6bad8a28ce",
        "type": "github"
      },
      "original": {
        "owner": "NixOS",
        "ref": "nixos-unstable",
        "repo": "nixpkgs",
        "type": "github"
      }
    },
    "nvf": {
      "inputs": {
        "flake-compat": [
          "empty-flake"
        ],
        "flake-parts": [
          "flake-parts"
        ],
        "mnw": "mnw",
        "nixpkgs": [
          "nixpkgs"
        ],
        "systems": [
          "nix-systems"
        ]
      },
      "locked": {
        "lastModified": 1761486540,
        "narHash": "sha256-O0VNqERaZ1H+4P3XwHNd8wVCqUcGtMPJT1z4cJodRFc=",
        "owner": "notashelf",
        "repo": "nvf",
        "rev": "4b904de36157035fa3dddf0312a4242e5d0d9bd0",
        "type": "github"
      },
      "original": {
        "owner": "notashelf",
        "repo": "nvf",
        "type": "github"
      }
    },
    "root": {
      "inputs": {
        "apple-silicon": "apple-silicon",
        "deploy-rs": "deploy-rs",
        "discord-counting-tools": "discord-counting-tools",
        "disko": "disko",
        "empty-flake": "empty-flake",
        "firefox-addons": "firefox-addons",
        "flake-parts": "flake-parts",
        "flake-utils": "flake-utils",
        "home-manager": "home-manager",
        "impermanence": "impermanence",
        "jollybot": "jollybot",
        "jollydashboard": "jollydashboard",
        "lobster-rs": "lobster-rs",
        "nix-index-database": "nix-index-database",
        "nix-systems": "nix-systems",
        "nixcord": "nixcord",
        "nixos-anywhere": "nixos-anywhere",
        "nixos-hardware": "nixos-hardware",
        "nixos-muvm-fex": "nixos-muvm-fex",
        "nixpkgs": "nixpkgs_2",
        "nixpkgs-lib": "nixpkgs-lib",
        "nvf": "nvf",
        "rust-overlay": "rust-overlay",
        "sensitive": "sensitive",
        "sops-nix": "sops-nix",
        "treefmt-nix": "treefmt-nix",
        "wordtui": "wordtui"
      }
    },
    "rust-overlay": {
      "inputs": {
        "nixpkgs": [
          "nixpkgs"
        ]
      },
      "locked": {
        "lastModified": 1761532837,
        "narHash": "sha256-78mCSQgC/a6/0vWYrvE/g9E3gGsJLyBBGtmHe3ZOLG4=",
        "owner": "oxalica",
        "repo": "rust-overlay",
        "rev": "4f5f89f1cfd8553b1285a4a0879ea1b2b05ad286",
        "type": "github"
      },
      "original": {
        "owner": "oxalica",
        "repo": "rust-overlay",
        "type": "github"
      }
    },
    "sensitive": {
      "flake": false,
      "locked": {
        "lastModified": 1761569988,
        "narHash": "sha256-dB8PpHmS97KeGjFX2puT1mM8C/s+Izkr8Ytk1zzO+zU=",
        "ref": "main",
        "rev": "e952edbee4544ccdaa7a4f3e8fa4e9572f8ba85b",
        "shallow": true,
        "type": "git",
        "url": "ssh://git@github.com/ToborWinner/sensitive"
      },
      "original": {
        "ref": "main",
        "shallow": true,
        "type": "git",
        "url": "ssh://git@github.com/ToborWinner/sensitive"
      }
    },
    "sops-nix": {
      "inputs": {
        "nixpkgs": [
          "nixpkgs"
        ]
      },
      "locked": {
        "lastModified": 1760998189,
        "narHash": "sha256-ee2e1/AeGL5X8oy/HXsZQvZnae6XfEVdstGopKucYLY=",
        "owner": "Mic92",
        "repo": "sops-nix",
        "rev": "5a7d18b5c55642df5c432aadb757140edfeb70b3",
        "type": "github"
      },
      "original": {
        "owner": "Mic92",
        "repo": "sops-nix",
        "type": "github"
      }
    },
    "treefmt-nix": {
      "inputs": {
        "nixpkgs": [
          "nixpkgs"
        ]
      },
      "locked": {
        "lastModified": 1761311587,
        "narHash": "sha256-Msq86cR5SjozQGCnC6H8C+0cD4rnx91BPltZ9KK613Y=",
        "owner": "numtide",
        "repo": "treefmt-nix",
        "rev": "2eddae033e4e74bf581c2d1dfa101f9033dbd2dc",
        "type": "github"
      },
      "original": {
        "owner": "numtide",
        "repo": "treefmt-nix",
        "type": "github"
      }
    },
    "wordtui": {
      "inputs": {
        "nixpkgs": [
          "nixpkgs"
        ],
        "rust-overlay": [
          "rust-overlay"
        ]
      },
      "locked": {
        "lastModified": 1740936266,
        "narHash": "sha256-i8bLpiFI99OSmWLUB8MfTBUXxuEL8/En7YYd0yK9iWI=",
        "owner": "ToborWinner",
        "repo": "wordtui",
        "rev": "47c16965291a82ee3234eccf1c0794a0b6276877",
        "type": "github"
      },
      "original": {
        "owner": "ToborWinner",
        "repo": "wordtui",
        "type": "github"
      }
    }
  },
  "root": "root",
  "version": 7
}
