{
  "nodes": {
    "apple-silicon": {
      "inputs": {
        "flake-compat": [
          "empty-flake"
        ],
        "nixpkgs": "nixpkgs"
      },
      "locked": {
        "lastModified": 1769126487,
        "narHash": "sha256-OA+Qrrf0FWqARjgJASGrPKMUw237G3gYG+MQn4upABU=",
        "owner": "nix-community",
        "repo": "nixos-apple-silicon",
        "rev": "003afbd7b4f90c83497906ba2e9099874c2e3a4f",
        "type": "github"
      },
      "original": {
        "owner": "nix-community",
        "repo": "nixos-apple-silicon",
        "type": "github"
      }
    },
    "deploy-rs": {
      "inputs": {
        "flake-compat": [
          "empty-flake"
        ],
        "nixpkgs": [
          "nixpkgs"
        ],
        "utils": [
          "flake-utils"
        ]
      },
      "locked": {
        "lastModified": 1766051518,
        "narHash": "sha256-znKOwPXQnt3o7lDb3hdf19oDo0BLP4MfBOYiWkEHoik=",
        "owner": "serokell",
        "repo": "deploy-rs",
        "rev": "d5eff7f948535b9c723d60cd8239f8f11ddc90fa",
        "type": "github"
      },
      "original": {
        "owner": "serokell",
        "repo": "deploy-rs",
        "type": "github"
      }
    },
    "discord-counting-tools": {
      "inputs": {
        "nixpkgs": [
          "nixpkgs"
        ]
      },
      "locked": {
        "lastModified": 1768779315,
        "narHash": "sha256-n392K30CrJMxiJybu6PBJg7Jq+kALw1OOAvw/rAZQlg=",
        "owner": "ToborWinner",
        "repo": "discord-counting-tools",
        "rev": "22869dfc0322440c04d267a4ea453d69f81c865b",
        "type": "github"
      },
      "original": {
        "owner": "ToborWinner",
        "repo": "discord-counting-tools",
        "type": "github"
      }
    },
    "disko": {
      "inputs": {
        "nixpkgs": [
          "nixpkgs"
        ]
      },
      "locked": {
        "lastModified": 1768923567,
        "narHash": "sha256-GVJ0jKsyXLuBzRMXCDY6D5J8wVdwP1DuQmmvYL/Vw/Q=",
        "owner": "nix-community",
        "repo": "disko",
        "rev": "00395d188e3594a1507f214a2f15d4ce5c07cb28",
        "type": "github"
      },
      "original": {
        "owner": "nix-community",
        "repo": "disko",
        "type": "github"
      }
    },
    "empty-flake": {
      "locked": {
        "lastModified": 1747344433,
        "narHash": "sha256-VO8KzRYOgpVx36ZrJgyhKBIqs/LCSt75RVaCYxQv9TY=",
        "owner": "ToborWinner",
        "repo": "empty-flake",
        "rev": "46262b94aabee5acf4a72873c765281653c30e35",
        "type": "github"
      },
      "original": {
        "owner": "ToborWinner",
        "repo": "empty-flake",
        "type": "github"
      }
    },
    "firefox-addons": {
      "inputs": {
        "nixpkgs": [
          "nixpkgs"
        ]
      },
      "locked": {
        "dir": "pkgs/firefox-addons",
        "lastModified": 1769227419,
        "narHash": "sha256-3Rtx4hYKnRJNopgmMi/erRL6lM3qLypbbvj1TWcoM0g=",
        "owner": "rycee",
        "repo": "nur-expressions",
        "rev": "d945acd0d5d9e43778f65b5f1646ec036e39e049",
        "type": "gitlab"
      },
      "original": {
        "dir": "pkgs/firefox-addons",
        "owner": "rycee",
        "repo": "nur-expressions",
        "type": "gitlab"
      }
    },
    "flake-parts": {
      "inputs": {
        "nixpkgs-lib": [
          "nixpkgs-lib"
        ]
      },
      "locked": {
        "lastModified": 1768135262,
        "narHash": "sha256-PVvu7OqHBGWN16zSi6tEmPwwHQ4rLPU9Plvs8/1TUBY=",
        "owner": "hercules-ci",
        "repo": "flake-parts",
        "rev": "80daad04eddbbf5a4d883996a73f3f542fa437ac",
        "type": "github"
      },
      "original": {
        "owner": "hercules-ci",
        "repo": "flake-parts",
        "type": "github"
      }
    },
    "flake-utils": {
      "inputs": {
        "systems": [
          "nix-systems"
        ]
      },
      "locked": {
        "lastModified": 1731533236,
        "narHash": "sha256-l0KFg5HjrsfsO/JpG+r7fRrqm12kzFHyUHqHCVpMMbI=",
        "owner": "numtide",
        "repo": "flake-utils",
        "rev": "11707dc2f618dd54ca8739b309ec4fc024de578b",
        "type": "github"
      },
      "original": {
        "owner": "numtide",
        "repo": "flake-utils",
        "type": "github"
      }
    },
    "home-manager": {
      "inputs": {
        "nixpkgs": [
          "nixpkgs"
        ]
      },
      "locked": {
        "lastModified": 1769187349,
        "narHash": "sha256-clG+nT6I2qxjIgk5WoSDKJyNhzKJs9jzbCujPF2S/yg=",
        "owner": "nix-community",
        "repo": "home-manager",
        "rev": "082a4cd87c6089d1d9c58ebe52655f9e07245fcb",
        "type": "github"
      },
      "original": {
        "owner": "nix-community",
        "ref": "master",
        "repo": "home-manager",
        "type": "github"
      }
    },
    "home-manager_2": {
      "inputs": {
        "nixpkgs": [
          "impermanence",
          "nixpkgs"
        ]
      },
      "locked": {
        "lastModified": 1768598210,
        "narHash": "sha256-kkgA32s/f4jaa4UG+2f8C225Qvclxnqs76mf8zvTVPg=",
        "owner": "nix-community",
        "repo": "home-manager",
        "rev": "c47b2cc64a629f8e075de52e4742de688f930dc6",
        "type": "github"
      },
      "original": {
        "owner": "nix-community",
        "repo": "home-manager",
        "type": "github"
      }
    },
    "impermanence": {
      "inputs": {
        "home-manager": "home-manager_2",
        "nixpkgs": "nixpkgs_2"
      },
      "locked": {
        "lastModified": 1768941735,
        "narHash": "sha256-OyxsfXNcOkt06/kM+4bnuC8moDx+t7Qr+RB0BBa83Ig=",
        "owner": "nix-community",
        "repo": "impermanence",
        "rev": "69ecf31e8fddc9354a4b418f3a517445d486bb54",
        "type": "github"
      },
      "original": {
        "owner": "nix-community",
        "repo": "impermanence",
        "type": "github"
      }
    },
    "jollybot": {
      "flake": false,
      "locked": {
        "lastModified": 1745690426,
        "narHash": "sha256-dJh+P9G7hxsyCBZnghHE8Rzg0jHl/vZObc+QF8PKyyQ=",
        "ref": "main",
        "rev": "fd1f23a2d63b5694e320c255802174b372b13519",
        "shallow": true,
        "type": "git",
        "url": "ssh://git@github.com/ToborWinner/Jolly"
      },
      "original": {
        "ref": "main",
        "shallow": true,
        "type": "git",
        "url": "ssh://git@github.com/ToborWinner/Jolly"
      }
    },
    "jollydashboard": {
      "flake": false,
      "locked": {
        "lastModified": 1745514964,
        "narHash": "sha256-fmPPGy0XMxvOcnpSwT2hmIO6sibTNWckLfb50tLep3w=",
        "ref": "main",
        "rev": "829d2487f3b81aa913925797bd3f39679731b1cc",
        "shallow": true,
        "type": "git",
        "url": "ssh://git@github.com/ToborWinner/JollyDashboard"
      },
      "original": {
        "ref": "main",
        "shallow": true,
        "type": "git",
        "url": "ssh://git@github.com/ToborWinner/JollyDashboard"
      }
    },
    "lobster-rs": {
      "inputs": {
        "nixpkgs": [
          "nixpkgs"
        ]
      },
      "locked": {
        "lastModified": 1757809131,
        "narHash": "sha256-8VF2pzGLS0MH4WjLE06Ea8fUaYzHtCfME6CAulWx87k=",
        "owner": "eatmynerds",
        "repo": "lobster-rs",
        "rev": "2d4299b3d0fe8b2194defe8291cb05e8a56f86a3",
        "type": "github"
      },
      "original": {
        "owner": "eatmynerds",
        "repo": "lobster-rs",
        "type": "github"
      }
    },
    "mnw": {
      "locked": {
        "lastModified": 1768701608,
        "narHash": "sha256-kSvWF3Xt2HW9hmV5V7i8PqeWJIBUKmuKoHhOgj3Znzs=",
        "owner": "Gerg-L",
        "repo": "mnw",
        "rev": "20d63a8a1ae400557c770052a46a9840e768926b",
        "type": "github"
      },
      "original": {
        "owner": "Gerg-L",
        "repo": "mnw",
        "type": "github"
      }
    },
    "ndg": {
      "inputs": {
        "nixpkgs": [
          "nvf",
          "nixpkgs"
        ]
      },
      "locked": {
        "lastModified": 1768214250,
        "narHash": "sha256-hnBZDQWUxJV3KbtvyGW5BKLO/fAwydrxm5WHCWMQTbw=",
        "owner": "feel-co",
        "repo": "ndg",
        "rev": "a6bd3c1ce2668d096e4fdaaa03ad7f03ba1fbca8",
        "type": "github"
      },
      "original": {
        "owner": "feel-co",
        "ref": "refs/tags/v2.6.0",
        "repo": "ndg",
        "type": "github"
      }
    },
    "nix-index-database": {
      "inputs": {
        "nixpkgs": [
          "nixpkgs"
        ]
      },
      "locked": {
        "lastModified": 1765267181,
        "narHash": "sha256-d3NBA9zEtBu2JFMnTBqWj7Tmi7R5OikoU2ycrdhQEws=",
        "owner": "nix-community",
        "repo": "nix-index-database",
        "rev": "82befcf7dc77c909b0f2a09f5da910ec95c5b78f",
        "type": "github"
      },
      "original": {
        "owner": "nix-community",
        "repo": "nix-index-database",
        "type": "github"
      }
    },
    "nix-systems": {
      "locked": {
        "lastModified": 1681028828,
        "narHash": "sha256-Vy1rq5AaRuLzOxct8nz4T6wlgyUR7zLU309k9mBC768=",
        "owner": "nix-systems",
        "repo": "default",
        "rev": "da67096a3b9bf56a91d16901293e51ba5b49a27e",
        "type": "github"
      },
      "original": {
        "owner": "nix-systems",
        "repo": "default",
        "type": "github"
      }
    },
    "nix-vm-test": {
      "inputs": {
        "nixpkgs": [
          "nixos-anywhere",
          "nixpkgs"
        ]
      },
      "locked": {
        "lastModified": 1748765518,
        "narHash": "sha256-vftOR+7zwnMWl5UpG32GL1VBeNGTDZZT0hv+2uNuBGw=",
        "owner": "Mic92",
        "repo": "nix-vm-test",
        "rev": "d6642fbaf42fc98883d84bab66cd0ec720d9dd0c",
        "type": "github"
      },
      "original": {
        "owner": "Mic92",
        "repo": "nix-vm-test",
        "type": "github"
      }
    },
    "nixcord": {
      "inputs": {
        "flake-compat": [
          "empty-flake"
        ],
        "flake-parts": [
          "flake-parts"
        ],
        "nixpkgs": [
          "nixpkgs"
        ]
      },
      "locked": {
        "lastModified": 1769260449,
        "narHash": "sha256-NEAQSlf3PVQtMH3cXfeEHbKB0c4I+fDZRiEJU0237yk=",
        "owner": "kaylorben",
        "repo": "nixcord",
        "rev": "0c974c8ba636b46b5e582c224036df55534af6e2",
        "type": "github"
      },
      "original": {
        "owner": "kaylorben",
        "repo": "nixcord",
        "type": "github"
      }
    },
    "nixos-anywhere": {
      "inputs": {
        "disko": [
          "empty-flake"
        ],
        "flake-parts": [
          "flake-parts"
        ],
        "nix-vm-test": "nix-vm-test",
        "nixos-images": [
          "empty-flake"
        ],
        "nixos-stable": [
          "empty-flake"
        ],
        "nixpkgs": [
          "nixpkgs"
        ],
        "treefmt-nix": [
          "empty-flake"
        ]
      },
      "locked": {
        "lastModified": 1766503044,
        "narHash": "sha256-DdJ0OIngRjekqXJauSQ8y9vyDO24dX8v7DiaWmxk7PU=",
        "owner": "nix-community",
        "repo": "nixos-anywhere",
        "rev": "e86fad431cf9161ca39747972bd255897572dc3b",
        "type": "github"
      },
      "original": {
        "owner": "nix-community",
        "repo": "nixos-anywhere",
        "type": "github"
      }
    },
    "nixos-hardware": {
      "locked": {
        "lastModified": 1769086393,
        "narHash": "sha256-3ymIZ8s3+hu7sDl/Y48o6bwMxorfKrmn97KuWiw1vjY=",
        "owner": "NixOS",
        "repo": "nixos-hardware",
        "rev": "9f7ba891ea5fc3ededd7804f1a23fafadbcb26ca",
        "type": "github"
      },
      "original": {
        "owner": "NixOS",
        "ref": "master",
        "repo": "nixos-hardware",
        "type": "github"
      }
    },
    "nixos-muvm-fex": {
      "inputs": {
        "__flake-compat": [
          "empty-flake"
        ],
        "nixos-apple-silicon": [
          "apple-silicon"
        ],
        "nixpkgs": [
          "nixpkgs"
        ],
        "nixpkgs-muvm": [
          "empty-flake"
        ]
      },
      "locked": {
        "lastModified": 1747923214,
        "narHash": "sha256-rva/48UdH1TdrlI8gX6LEd0W/3NxE4OVPWB3FMSYzfo=",
        "owner": "nrabulinski",
        "repo": "nixos-muvm-fex",
        "rev": "9bf86173ca62ab64e63c1c83b27b664e3df3e03a",
        "type": "github"
      },
      "original": {
        "owner": "nrabulinski",
        "ref": "native-build",
        "repo": "nixos-muvm-fex",
        "type": "github"
      }
    },
    "nixpkgs": {
      "locked": {
        "lastModified": 1768305791,
        "narHash": "sha256-AIdl6WAn9aymeaH/NvBj0H9qM+XuAuYbGMZaP0zcXAQ=",
        "owner": "NixOS",
        "repo": "nixpkgs",
        "rev": "1412caf7bf9e660f2f962917c14b1ea1c3bc695e",
        "type": "github"
      },
      "original": {
        "owner": "NixOS",
        "ref": "nixos-unstable",
        "repo": "nixpkgs",
        "type": "github"
      }
    },
    "nixpkgs-lib": {
      "locked": {
        "lastModified": 1768699094,
        "narHash": "sha256-uapeGJTPPbmqjdo5zlrWFEIys1XIOQ66sKP3A5UNEOk=",
        "owner": "nix-community",
        "repo": "nixpkgs.lib",
        "rev": "78975aaec5a67ea502e15836919b89d7df96ac27",
        "type": "github"
      },
      "original": {
        "owner": "nix-community",
        "repo": "nixpkgs.lib",
        "type": "github"
      }
    },
    "nixpkgs_2": {
      "locked": {
        "lastModified": 1768564909,
        "narHash": "sha256-Kell/SpJYVkHWMvnhqJz/8DqQg2b6PguxVWOuadbHCc=",
        "owner": "nixos",
        "repo": "nixpkgs",
        "rev": "e4bae1bd10c9c57b2cf517953ab70060a828ee6f",
        "type": "github"
      },
      "original": {
        "owner": "nixos",
        "ref": "nixos-unstable",
        "repo": "nixpkgs",
        "type": "github"
      }
    },
    "nixpkgs_3": {
      "locked": {
        "lastModified": 1769018530,
        "narHash": "sha256-MJ27Cy2NtBEV5tsK+YraYr2g851f3Fl1LpNHDzDX15c=",
        "owner": "NixOS",
        "repo": "nixpkgs",
        "rev": "88d3861acdd3d2f0e361767018218e51810df8a1",
        "type": "github"
      },
      "original": {
        "owner": "NixOS",
        "ref": "nixos-unstable",
        "repo": "nixpkgs",
        "type": "github"
      }
    },
    "nvf": {
      "inputs": {
        "flake-compat": [
          "empty-flake"
        ],
        "flake-parts": [
          "flake-parts"
        ],
        "mnw": "mnw",
        "ndg": "ndg",
        "nixpkgs": [
          "nixpkgs"
        ],
        "systems": [
          "nix-systems"
        ]
      },
      "locked": {
        "lastModified": 1769247611,
        "narHash": "sha256-T7icKolKxPtEauIQJAKY+zwjhfau94Rhnk+GfDCve+U=",
        "owner": "notashelf",
        "repo": "nvf",
        "rev": "cf066ec6812af32ad229b0d2ab3228182f8b0a14",
        "type": "github"
      },
      "original": {
        "owner": "notashelf",
        "repo": "nvf",
        "type": "github"
      }
    },
    "root": {
      "inputs": {
        "apple-silicon": "apple-silicon",
        "deploy-rs": "deploy-rs",
        "discord-counting-tools": "discord-counting-tools",
        "disko": "disko",
        "empty-flake": "empty-flake",
        "firefox-addons": "firefox-addons",
        "flake-parts": "flake-parts",
        "flake-utils": "flake-utils",
        "home-manager": "home-manager",
        "impermanence": "impermanence",
        "jollybot": "jollybot",
        "jollydashboard": "jollydashboard",
        "lobster-rs": "lobster-rs",
        "nix-index-database": "nix-index-database",
        "nix-systems": "nix-systems",
        "nixcord": "nixcord",
        "nixos-anywhere": "nixos-anywhere",
        "nixos-hardware": "nixos-hardware",
        "nixos-muvm-fex": "nixos-muvm-fex",
        "nixpkgs": "nixpkgs_3",
        "nixpkgs-lib": "nixpkgs-lib",
        "nvf": "nvf",
        "rust-overlay": "rust-overlay",
        "sensitive": "sensitive",
        "sops-nix": "sops-nix",
        "treefmt-nix": "treefmt-nix",
        "wordtui": "wordtui"
      }
    },
    "rust-overlay": {
      "inputs": {
        "nixpkgs": [
          "nixpkgs"
        ]
      },
      "locked": {
        "lastModified": 1769222645,
        "narHash": "sha256-gu6oZ86zLudBZMq8LL1qdtYt/S69GV5keQVXdvBrVSU=",
        "owner": "oxalica",
        "repo": "rust-overlay",
        "rev": "22da29e7f3d8cff75009cbbcf992c7cb66920cfd",
        "type": "github"
      },
      "original": {
        "owner": "oxalica",
        "repo": "rust-overlay",
        "type": "github"
      }
    },
    "sensitive": {
      "flake": false,
      "locked": {
        "lastModified": 1761569988,
        "narHash": "sha256-dB8PpHmS97KeGjFX2puT1mM8C/s+Izkr8Ytk1zzO+zU=",
        "ref": "main",
        "rev": "e952edbee4544ccdaa7a4f3e8fa4e9572f8ba85b",
        "shallow": true,
        "type": "git",
        "url": "ssh://git@github.com/ToborWinner/sensitive"
      },
      "original": {
        "ref": "main",
        "shallow": true,
        "type": "git",
        "url": "ssh://git@github.com/ToborWinner/sensitive"
      }
    },
    "sops-nix": {
      "inputs": {
        "nixpkgs": [
          "nixpkgs"
        ]
      },
      "locked": {
        "lastModified": 1768863606,
        "narHash": "sha256-1IHAeS8WtBiEo5XiyJBHOXMzECD6aaIOJmpQKzRRl64=",
        "owner": "Mic92",
        "repo": "sops-nix",
        "rev": "c7067be8db2c09ab1884de67ef6c4f693973f4a2",
        "type": "github"
      },
      "original": {
        "owner": "Mic92",
        "repo": "sops-nix",
        "type": "github"
      }
    },
    "treefmt-nix": {
      "inputs": {
        "nixpkgs": [
          "nixpkgs"
        ]
      },
      "locked": {
        "lastModified": 1768158989,
        "narHash": "sha256-67vyT1+xClLldnumAzCTBvU0jLZ1YBcf4vANRWP3+Ak=",
        "owner": "numtide",
        "repo": "treefmt-nix",
        "rev": "e96d59dff5c0d7fddb9d113ba108f03c3ef99eca",
        "type": "github"
      },
      "original": {
        "owner": "numtide",
        "repo": "treefmt-nix",
        "type": "github"
      }
    },
    "wordtui": {
      "inputs": {
        "nixpkgs": [
          "nixpkgs"
        ],
        "rust-overlay": [
          "rust-overlay"
        ]
      },
      "locked": {
        "lastModified": 1740936266,
        "narHash": "sha256-i8bLpiFI99OSmWLUB8MfTBUXxuEL8/En7YYd0yK9iWI=",
        "owner": "ToborWinner",
        "repo": "wordtui",
        "rev": "47c16965291a82ee3234eccf1c0794a0b6276877",
        "type": "github"
      },
      "original": {
        "owner": "ToborWinner",
        "repo": "wordtui",
        "type": "github"
      }
    }
  },
  "root": "root",
  "version": 7
}
