{
  "nodes": {
    "apple-silicon": {
      "inputs": {
        "flake-compat": [
          "empty-flake"
        ],
        "nixpkgs": [
          "nixpkgs"
        ]
      },
      "locked": {
        "lastModified": 1748659443,
        "narHash": "sha256-dav2hzyCmXZ3n6lEZrfZBG51+g6PUhkzRl3d6Ypd9x0=",
        "owner": "nix-community",
        "repo": "nixos-apple-silicon",
        "rev": "3ddc251d2acce5019b0fa770e224d068610a34e4",
        "type": "github"
      },
      "original": {
        "owner": "nix-community",
        "repo": "nixos-apple-silicon",
        "type": "github"
      }
    },
    "deploy-rs": {
      "inputs": {
        "flake-compat": [
          "empty-flake"
        ],
        "nixpkgs": [
          "nixpkgs"
        ],
        "utils": [
          "flake-utils"
        ]
      },
      "locked": {
        "lastModified": 1749102428,
        "narHash": "sha256-6Tw+M4WWOcmEXNCvx8+rNABDSW2gizB4ijEqys6uXKM=",
        "owner": "serokell",
        "repo": "deploy-rs",
        "rev": "5829cec63845eb50984dc8787b0edfe81bf5b980",
        "type": "github"
      },
      "original": {
        "owner": "serokell",
        "repo": "deploy-rs",
        "type": "github"
      }
    },
    "discord-counting-tools": {
      "inputs": {
        "nixpkgs": [
          "nixpkgs"
        ]
      },
      "locked": {
        "lastModified": 1740857144,
        "narHash": "sha256-0IBbeBoZwbfGwkJvopanLXZzkwlJeeO9Wm7pVH+GePU=",
        "owner": "ToborWinner",
        "repo": "discord-counting-tools",
        "rev": "dd64f2215ca614280fd50449573c0320d2489685",
        "type": "github"
      },
      "original": {
        "owner": "ToborWinner",
        "repo": "discord-counting-tools",
        "type": "github"
      }
    },
    "disko": {
      "inputs": {
        "nixpkgs": [
          "nixpkgs"
        ]
      },
      "locked": {
        "lastModified": 1749089136,
        "narHash": "sha256-A1UgwtAEQYd38Z6VoRAiGs4jZQczAGyP5DF3hhYUdpg=",
        "owner": "nix-community",
        "repo": "disko",
        "rev": "a4f7deb49f7336feb6c5abaf213b374936421dbe",
        "type": "github"
      },
      "original": {
        "owner": "nix-community",
        "repo": "disko",
        "type": "github"
      }
    },
    "empty-flake": {
      "locked": {
        "lastModified": 1747344433,
        "narHash": "sha256-VO8KzRYOgpVx36ZrJgyhKBIqs/LCSt75RVaCYxQv9TY=",
        "owner": "ToborWinner",
        "repo": "empty-flake",
        "rev": "46262b94aabee5acf4a72873c765281653c30e35",
        "type": "github"
      },
      "original": {
        "owner": "ToborWinner",
        "repo": "empty-flake",
        "type": "github"
      }
    },
    "firefox-addons": {
      "inputs": {
        "nixpkgs": [
          "nixpkgs"
        ]
      },
      "locked": {
        "dir": "pkgs/firefox-addons",
        "lastModified": 1749096211,
        "narHash": "sha256-ynV/40NT+cDzgK7xj9gb2R8FgONuptaxGO/3uCeLS24=",
        "owner": "rycee",
        "repo": "nur-expressions",
        "rev": "41d2c3e882a8d55aabfea4596385fa29248656db",
        "type": "gitlab"
      },
      "original": {
        "dir": "pkgs/firefox-addons",
        "owner": "rycee",
        "repo": "nur-expressions",
        "type": "gitlab"
      }
    },
    "flake-parts": {
      "inputs": {
        "nixpkgs-lib": [
          "nixpkgs-lib"
        ]
      },
      "locked": {
        "lastModified": 1748821116,
        "narHash": "sha256-F82+gS044J1APL0n4hH50GYdPRv/5JWm34oCJYmVKdE=",
        "owner": "hercules-ci",
        "repo": "flake-parts",
        "rev": "49f0870db23e8c1ca0b5259734a02cd9e1e371a1",
        "type": "github"
      },
      "original": {
        "owner": "hercules-ci",
        "repo": "flake-parts",
        "type": "github"
      }
    },
    "flake-utils": {
      "inputs": {
        "systems": [
          "nix-systems"
        ]
      },
      "locked": {
        "lastModified": 1731533236,
        "narHash": "sha256-l0KFg5HjrsfsO/JpG+r7fRrqm12kzFHyUHqHCVpMMbI=",
        "owner": "numtide",
        "repo": "flake-utils",
        "rev": "11707dc2f618dd54ca8739b309ec4fc024de578b",
        "type": "github"
      },
      "original": {
        "owner": "numtide",
        "repo": "flake-utils",
        "type": "github"
      }
    },
    "home-manager": {
      "inputs": {
        "nixpkgs": [
          "nixpkgs"
        ]
      },
      "locked": {
        "lastModified": 1749062139,
        "narHash": "sha256-gGGLujmeWU+ZjFzfMvFMI0hp9xONsSbm88187wJr82Q=",
        "owner": "nix-community",
        "repo": "home-manager",
        "rev": "86b95fc1ed2b9b04a451a08ccf13d78fb421859c",
        "type": "github"
      },
      "original": {
        "owner": "nix-community",
        "ref": "master",
        "repo": "home-manager",
        "type": "github"
      }
    },
    "impermanence": {
      "locked": {
        "lastModified": 1737831083,
        "narHash": "sha256-LJggUHbpyeDvNagTUrdhe/pRVp4pnS6wVKALS782gRI=",
        "owner": "nix-community",
        "repo": "impermanence",
        "rev": "4b3e914cdf97a5b536a889e939fb2fd2b043a170",
        "type": "github"
      },
      "original": {
        "owner": "nix-community",
        "repo": "impermanence",
        "type": "github"
      }
    },
    "jollybot": {
      "flake": false,
      "locked": {
        "lastModified": 1745690426,
        "narHash": "sha256-dJh+P9G7hxsyCBZnghHE8Rzg0jHl/vZObc+QF8PKyyQ=",
        "ref": "main",
        "rev": "fd1f23a2d63b5694e320c255802174b372b13519",
        "shallow": true,
        "type": "git",
        "url": "ssh://git@github.com/ToborWinner/Jolly"
      },
      "original": {
        "ref": "main",
        "shallow": true,
        "type": "git",
        "url": "ssh://git@github.com/ToborWinner/Jolly"
      }
    },
    "jollydashboard": {
      "flake": false,
      "locked": {
        "lastModified": 1745514964,
        "narHash": "sha256-fmPPGy0XMxvOcnpSwT2hmIO6sibTNWckLfb50tLep3w=",
        "ref": "main",
        "rev": "829d2487f3b81aa913925797bd3f39679731b1cc",
        "shallow": true,
        "type": "git",
        "url": "ssh://git@github.com/ToborWinner/JollyDashboard"
      },
      "original": {
        "ref": "main",
        "shallow": true,
        "type": "git",
        "url": "ssh://git@github.com/ToborWinner/JollyDashboard"
      }
    },
    "lobster-rs": {
      "inputs": {
        "nixpkgs": [
          "nixpkgs"
        ]
      },
      "locked": {
        "lastModified": 1749011496,
        "narHash": "sha256-nxr8TecUj1RV2zzFtsGzxZFS/aX6LRKHqlj2p6eyDg0=",
        "owner": "eatmynerds",
        "repo": "lobster-rs",
        "rev": "f41bfd53c4dca0e899043a92df1ae444ae43f3ea",
        "type": "github"
      },
      "original": {
        "owner": "eatmynerds",
        "repo": "lobster-rs",
        "type": "github"
      }
    },
    "mnw": {
      "locked": {
        "lastModified": 1748278309,
        "narHash": "sha256-JCeiMrUhFku44kfKsgiD9Ibzho4MblBD2WmOQYsQyTY=",
        "owner": "Gerg-L",
        "repo": "mnw",
        "rev": "486a17ba1279ab2357cae8ff66b309db622f8831",
        "type": "github"
      },
      "original": {
        "owner": "Gerg-L",
        "repo": "mnw",
        "type": "github"
      }
    },
    "nil": {
      "inputs": {
        "flake-utils": [
          "flake-utils"
        ],
        "nixpkgs": [
          "nixpkgs"
        ],
        "rust-overlay": [
          "rust-overlay"
        ]
      },
      "locked": {
        "lastModified": 1741118843,
        "narHash": "sha256-ggXU3RHv6NgWw+vc+HO4/9n0GPufhTIUjVuLci8Za8c=",
        "owner": "oxalica",
        "repo": "nil",
        "rev": "577d160da311cc7f5042038456a0713e9863d09e",
        "type": "github"
      },
      "original": {
        "owner": "oxalica",
        "repo": "nil",
        "type": "github"
      }
    },
    "nix-systems": {
      "locked": {
        "lastModified": 1681028828,
        "narHash": "sha256-Vy1rq5AaRuLzOxct8nz4T6wlgyUR7zLU309k9mBC768=",
        "owner": "nix-systems",
        "repo": "default",
        "rev": "da67096a3b9bf56a91d16901293e51ba5b49a27e",
        "type": "github"
      },
      "original": {
        "owner": "nix-systems",
        "repo": "default",
        "type": "github"
      }
    },
    "nix-vm-test": {
      "inputs": {
        "nixpkgs": [
          "nixos-anywhere",
          "nixpkgs"
        ]
      },
      "locked": {
        "lastModified": 1748765518,
        "narHash": "sha256-vftOR+7zwnMWl5UpG32GL1VBeNGTDZZT0hv+2uNuBGw=",
        "owner": "Mic92",
        "repo": "nix-vm-test",
        "rev": "d6642fbaf42fc98883d84bab66cd0ec720d9dd0c",
        "type": "github"
      },
      "original": {
        "owner": "Mic92",
        "repo": "nix-vm-test",
        "type": "github"
      }
    },
    "nixcord": {
      "inputs": {
        "flake-compat": [
          "empty-flake"
        ],
        "flake-parts": [
          "flake-parts"
        ],
        "nixpkgs": [
          "nixpkgs"
        ]
      },
      "locked": {
        "lastModified": 1749088294,
        "narHash": "sha256-kAN2TnMQy07yD/CYidCOWJIZh3B4oUyZkFXqZbHkB10=",
        "owner": "kaylorben",
        "repo": "nixcord",
        "rev": "a1d447e7c8717111e15f5df2ad89cd42130b02d5",
        "type": "github"
      },
      "original": {
        "owner": "kaylorben",
        "repo": "nixcord",
        "type": "github"
      }
    },
    "nixos-anywhere": {
      "inputs": {
        "disko": [
          "empty-flake"
        ],
        "flake-parts": [
          "flake-parts"
        ],
        "nix-vm-test": "nix-vm-test",
        "nixos-images": [
          "empty-flake"
        ],
        "nixos-stable": [
          "empty-flake"
        ],
        "nixpkgs": [
          "nixpkgs"
        ],
        "treefmt-nix": [
          "empty-flake"
        ]
      },
      "locked": {
        "lastModified": 1748906835,
        "narHash": "sha256-CATyCiFWZjwr/tI0im0r4wWxI7WJzOS8/afeG5q8ZzI=",
        "owner": "nix-community",
        "repo": "nixos-anywhere",
        "rev": "d40a083cc027dbca243919a970825c8d301eac92",
        "type": "github"
      },
      "original": {
        "owner": "nix-community",
        "repo": "nixos-anywhere",
        "type": "github"
      }
    },
    "nixos-hardware": {
      "locked": {
        "lastModified": 1749056381,
        "narHash": "sha256-QITcurR19KZlrCngBoCjsFF2BdYsiCG4UqmlrVcLb8Q=",
        "owner": "NixOS",
        "repo": "nixos-hardware",
        "rev": "029bd66faa180e11262dd1bc2732254c33415f52",
        "type": "github"
      },
      "original": {
        "owner": "NixOS",
        "ref": "master",
        "repo": "nixos-hardware",
        "type": "github"
      }
    },
    "nixos-muvm-fex": {
      "inputs": {
        "__flake-compat": [
          "empty-flake"
        ],
        "nixos-apple-silicon": [
          "apple-silicon"
        ],
        "nixpkgs": [
          "nixpkgs"
        ],
        "nixpkgs-muvm": [
          "empty-flake"
        ]
      },
      "locked": {
        "lastModified": 1747923214,
        "narHash": "sha256-rva/48UdH1TdrlI8gX6LEd0W/3NxE4OVPWB3FMSYzfo=",
        "owner": "nrabulinski",
        "repo": "nixos-muvm-fex",
        "rev": "9bf86173ca62ab64e63c1c83b27b664e3df3e03a",
        "type": "github"
      },
      "original": {
        "owner": "nrabulinski",
        "ref": "native-build",
        "repo": "nixos-muvm-fex",
        "type": "github"
      }
    },
    "nixpkgs": {
      "locked": {
        "lastModified": 1748929857,
        "narHash": "sha256-lcZQ8RhsmhsK8u7LIFsJhsLh/pzR9yZ8yqpTzyGdj+Q=",
        "owner": "NixOS",
        "repo": "nixpkgs",
        "rev": "c2a03962b8e24e669fb37b7df10e7c79531ff1a4",
        "type": "github"
      },
      "original": {
        "owner": "NixOS",
        "ref": "nixos-unstable",
        "repo": "nixpkgs",
        "type": "github"
      }
    },
    "nixpkgs-lib": {
      "locked": {
        "lastModified": 1748740939,
        "narHash": "sha256-rQaysilft1aVMwF14xIdGS3sj1yHlI6oKQNBRTF40cc=",
        "owner": "nix-community",
        "repo": "nixpkgs.lib",
        "rev": "656a64127e9d791a334452c6b6606d17539476e2",
        "type": "github"
      },
      "original": {
        "owner": "nix-community",
        "repo": "nixpkgs.lib",
        "type": "github"
      }
    },
    "nvf": {
      "inputs": {
        "flake-parts": [
          "flake-parts"
        ],
        "flake-utils": [
          "empty-flake"
        ],
        "mnw": "mnw",
        "nil": [
          "nil"
        ],
        "nixpkgs": [
          "nixpkgs"
        ],
        "systems": [
          "nix-systems"
        ]
      },
      "locked": {
        "lastModified": 1749033605,
        "narHash": "sha256-OkrBJNnD9/Qe2tn3/21rjbiVLlRvaNMdqzfFqUkpbHo=",
        "owner": "notashelf",
        "repo": "nvf",
        "rev": "cb4d8340a172e95069b05f8e62f1c93e9ded859b",
        "type": "github"
      },
      "original": {
        "owner": "notashelf",
        "repo": "nvf",
        "type": "github"
      }
    },
    "root": {
      "inputs": {
        "apple-silicon": "apple-silicon",
        "deploy-rs": "deploy-rs",
        "discord-counting-tools": "discord-counting-tools",
        "disko": "disko",
        "empty-flake": "empty-flake",
        "firefox-addons": "firefox-addons",
        "flake-parts": "flake-parts",
        "flake-utils": "flake-utils",
        "home-manager": "home-manager",
        "impermanence": "impermanence",
        "jollybot": "jollybot",
        "jollydashboard": "jollydashboard",
        "lobster-rs": "lobster-rs",
        "nil": "nil",
        "nix-systems": "nix-systems",
        "nixcord": "nixcord",
        "nixos-anywhere": "nixos-anywhere",
        "nixos-hardware": "nixos-hardware",
        "nixos-muvm-fex": "nixos-muvm-fex",
        "nixpkgs": "nixpkgs",
        "nixpkgs-lib": "nixpkgs-lib",
        "nvf": "nvf",
        "rust-overlay": "rust-overlay",
        "sensitive": "sensitive",
        "sops-nix": "sops-nix",
        "treefmt-nix": "treefmt-nix",
        "wordtui": "wordtui"
      }
    },
    "rust-overlay": {
      "inputs": {
        "nixpkgs": [
          "nixpkgs"
        ]
      },
      "locked": {
        "lastModified": 1749091064,
        "narHash": "sha256-TGtYjzRX0sueFhwYsnNNFF5TTKnpnloznpIghLzxeXo=",
        "owner": "oxalica",
        "repo": "rust-overlay",
        "rev": "12419593ce78f2e8e1e89a373c6515885e218acb",
        "type": "github"
      },
      "original": {
        "owner": "oxalica",
        "repo": "rust-overlay",
        "type": "github"
      }
    },
    "sensitive": {
      "flake": false,
      "locked": {
        "lastModified": 1749474519,
        "narHash": "sha256-pijOssbrV4YpVDtwaWd6//5yGL2k2irKlsNr3J5tLYE=",
        "ref": "main",
        "rev": "2ec9d5770157ef5411ada4a60f9712c4fb4e8c8f",
        "shallow": true,
        "type": "git",
        "url": "ssh://git@github.com/ToborWinner/sensitive"
      },
      "original": {
        "ref": "main",
        "shallow": true,
        "type": "git",
        "url": "ssh://git@github.com/ToborWinner/sensitive"
      }
    },
    "sops-nix": {
      "inputs": {
        "nixpkgs": [
          "nixpkgs"
        ]
      },
      "locked": {
        "lastModified": 1747603214,
        "narHash": "sha256-lAblXm0VwifYCJ/ILPXJwlz0qNY07DDYdLD+9H+Wc8o=",
        "owner": "Mic92",
        "repo": "sops-nix",
        "rev": "8d215e1c981be3aa37e47aeabd4e61bb069548fd",
        "type": "github"
      },
      "original": {
        "owner": "Mic92",
        "repo": "sops-nix",
        "type": "github"
      }
    },
    "treefmt-nix": {
      "inputs": {
        "nixpkgs": [
          "nixpkgs"
        ]
      },
      "locked": {
        "lastModified": 1748243702,
        "narHash": "sha256-9YzfeN8CB6SzNPyPm2XjRRqSixDopTapaRsnTpXUEY8=",
        "owner": "numtide",
        "repo": "treefmt-nix",
        "rev": "1f3f7b784643d488ba4bf315638b2b0a4c5fb007",
        "type": "github"
      },
      "original": {
        "owner": "numtide",
        "repo": "treefmt-nix",
        "type": "github"
      }
    },
    "wordtui": {
      "inputs": {
        "nixpkgs": [
          "nixpkgs"
        ],
        "rust-overlay": [
          "rust-overlay"
        ]
      },
      "locked": {
        "lastModified": 1740936266,
        "narHash": "sha256-i8bLpiFI99OSmWLUB8MfTBUXxuEL8/En7YYd0yK9iWI=",
        "owner": "ToborWinner",
        "repo": "wordtui",
        "rev": "47c16965291a82ee3234eccf1c0794a0b6276877",
        "type": "github"
      },
      "original": {
        "owner": "ToborWinner",
        "repo": "wordtui",
        "type": "github"
      }
    }
  },
  "root": "root",
  "version": 7
}
